github.com/SMerrony/tello v0.9.3 h1:t3qN9yGczsFyTtAnrmDGp2WPvHI/M9qSGb5HuZ09lCw=
github.com/SMerrony/tello v0.9.3/go.mod h1:uY+kEB947XHJLHTq0i2eUlSGZ9ZbxAG4QfkrB1up58o=
github.com/davecgh/go-spew v1.1.1 h1:vj9j/u1bqnvCEfJOwUhtlOARqs3+rkHYY13jYWTU97c=
github.com/davecgh/go-spew v1.1.1/go.mod h1:J7Y8YcW2NihsgmVo/mv3lAwl/skON4iLHjSsI+c5H38=
